
Microsoft Visual Studio Solution File, Format Version 12.00
# Visual Studio Version 16
VisualStudioVersion = 16.0.31112.23
MinimumVisualStudioVersion = 10.0.40219.1
Project("{FAE04EC0-301F-11D3-BF4B-00C04F79EFBC}") = "KinoApp", "KinoApp\KinoApp.csproj", "{444AF827-5AC1-4090-8779-672DE9C7E4C5}"
EndProject
Global
	GlobalSection(SolutionConfigurationPlatforms) = preSolution
		Debug|Any CPU = Debug|Any CPU
		Release|Any CPU = Release|Any CPU
	EndGlobalSection
	GlobalSection(ProjectConfigurationPlatforms) = postSolution
		{444AF827-5AC1-4090-8779-672DE9C7E4C5}.Debug|Any CPU.ActiveCfg = Debug|Any CPU
		{444AF827-5AC1-4090-8779-672DE9C7E4C5}.Debug|Any CPU.Build.0 = Debug|Any CPU
		{444AF827-5AC1-4090-8779-672DE9C7E4C5}.Release|Any CPU.ActiveCfg = Release|Any CPU
		{444AF827-5AC1-4090-8779-672DE9C7E4C5}.Release|Any CPU.Build.0 = Release|Any CPU
	EndGlobalSection
	GlobalSection(SolutionProperties) = preSolution
		HideSolutionNode = FALSE
	EndGlobalSection
	GlobalSection(ExtensibilityGlobals) = postSolution
		SolutionGuid = {CB46EAAE-1169-4A20-82ED-37C9F69B755E}
	EndGlobalSection
EndGlobal
